
Microsoft Visual Studio Solution File, Format Version 12.00
# Visual Studio Version 16
VisualStudioVersion = 16.0.34114.132
MinimumVisualStudioVersion = 10.0.40219.1
Project("{FAE04EC0-301F-11D3-BF4B-00C04F79EFBC}") = "NodeGraph", "NodeGraph\NodeGraph.csproj", "{C203CEA6-56C9-4E13-A6E5-28EF802D84CC}"
EndProject
Global
	GlobalSection(SolutionConfigurationPlatforms) = preSolution
		Debug|Any CPU = Debug|Any CPU
		Release|Any CPU = Release|Any CPU
	EndGlobalSection
	GlobalSection(ProjectConfigurationPlatforms) = postSolution
		{C203CEA6-56C9-4E13-A6E5-28EF802D84CC}.Debug|Any CPU.ActiveCfg = Debug|Any CPU
		{C203CEA6-56C9-4E13-A6E5-28EF802D84CC}.Debug|Any CPU.Build.0 = Debug|Any CPU
		{C203CEA6-56C9-4E13-A6E5-28EF802D84CC}.Release|Any CPU.ActiveCfg = Release|Any CPU
		{C203CEA6-56C9-4E13-A6E5-28EF802D84CC}.Release|Any CPU.Build.0 = Release|Any CPU
	EndGlobalSection
	GlobalSection(SolutionProperties) = preSolution
		HideSolutionNode = FALSE
	EndGlobalSection
	GlobalSection(ExtensibilityGlobals) = postSolution
		SolutionGuid = {F36804CA-4BDD-4E80-9ADE-AA6429C60570}
	EndGlobalSection
EndGlobal
